
Microsoft Visual Studio Solution File, Format Version 12.00
# Visual Studio 15
VisualStudioVersion = 15.0.28010.2036
MinimumVisualStudioVersion = 10.0.40219.1
Project("{FAE04EC0-301F-11D3-BF4B-00C04F79EFBC}") = "CryptoShark", "CryptoShark\CryptoShark.csproj", "{310151A0-2089-42B6-A26D-88F8A72A3131}"
EndProject
Global
	GlobalSection(SolutionConfigurationPlatforms) = preSolution
		Debug|Any CPU = Debug|Any CPU
		Release|Any CPU = Release|Any CPU
	EndGlobalSection
	GlobalSection(ProjectConfigurationPlatforms) = postSolution
		{310151A0-2089-42B6-A26D-88F8A72A3131}.Debug|Any CPU.ActiveCfg = Debug|Any CPU
		{310151A0-2089-42B6-A26D-88F8A72A3131}.Debug|Any CPU.Build.0 = Debug|Any CPU
		{310151A0-2089-42B6-A26D-88F8A72A3131}.Release|Any CPU.ActiveCfg = Release|Any CPU
		{310151A0-2089-42B6-A26D-88F8A72A3131}.Release|Any CPU.Build.0 = Release|Any CPU
	EndGlobalSection
	GlobalSection(SolutionProperties) = preSolution
		HideSolutionNode = FALSE
	EndGlobalSection
	GlobalSection(ExtensibilityGlobals) = postSolution
		SolutionGuid = {53369DDC-00FD-4F92-870E-18B8AECC35D3}
	EndGlobalSection
EndGlobal
